
Microsoft Visual Studio Solution File, Format Version 12.00
# Visual Studio Version 17
VisualStudioVersion = 17.2.32505.173
MinimumVisualStudioVersion = 10.0.40219.1
Project("{9A19103F-16F7-4668-BE54-9A1E7A4F7556}") = "FinFolio.Web", "FinFolio.Web\FinFolio.Web.csproj", "{56ED4529-7723-4ADD-BCA3-C652AD167ACB}"
EndProject
Project("{9A19103F-16F7-4668-BE54-9A1E7A4F7556}") = "FinFolio.PortFolio.WebAPI", "FinFolio.ClientServiceFunctions\FinFolio.PortFolio.WebAPI.csproj", "{58E3EBE2-A599-4A0B-9F6F-FAD7C4AEAE55}"
EndProject
Project("{9A19103F-16F7-4668-BE54-9A1E7A4F7556}") = "FinFolio.PortFolioCore", "FinFolio.ClientCore\FinFolio.PortFolioCore.csproj", "{2349ADEB-07BA-4515-B83F-FE7897AA677A}"
EndProject
Project("{9A19103F-16F7-4668-BE54-9A1E7A4F7556}") = "FinFolio.PortFolioRepository", "FinFolio.ClientRepository\FinFolio.PortFolioRepository.csproj", "{951D2088-2C79-4734-80C5-9F4BA2775951}"
EndProject
Project("{FAE04EC0-301F-11D3-BF4B-00C04F79EFBC}") = "FinFolio.PortFolio.DTO", "FinFolio.PortFolio.DTO\FinFolio.PortFolio.DTO.csproj", "{E44129D8-DE4B-4836-9DF5-293ECAF53E0B}"
EndProject
Project("{2150E333-8FDC-42A3-9474-1A3956D46DE8}") = "Solution Items", "Solution Items", "{00611144-07B2-4CF6-8FFF-6A5E9E1A2357}"
	ProjectSection(SolutionItems) = preProject
		.editorconfig = .editorconfig
	EndProjectSection
EndProject
Global
	GlobalSection(SolutionConfigurationPlatforms) = preSolution
		Debug|Any CPU = Debug|Any CPU
		Release|Any CPU = Release|Any CPU
	EndGlobalSection
	GlobalSection(ProjectConfigurationPlatforms) = postSolution
		{56ED4529-7723-4ADD-BCA3-C652AD167ACB}.Debug|Any CPU.ActiveCfg = Debug|Any CPU
		{56ED4529-7723-4ADD-BCA3-C652AD167ACB}.Debug|Any CPU.Build.0 = Debug|Any CPU
		{56ED4529-7723-4ADD-BCA3-C652AD167ACB}.Release|Any CPU.ActiveCfg = Release|Any CPU
		{56ED4529-7723-4ADD-BCA3-C652AD167ACB}.Release|Any CPU.Build.0 = Release|Any CPU
		{58E3EBE2-A599-4A0B-9F6F-FAD7C4AEAE55}.Debug|Any CPU.ActiveCfg = Debug|Any CPU
		{58E3EBE2-A599-4A0B-9F6F-FAD7C4AEAE55}.Debug|Any CPU.Build.0 = Debug|Any CPU
		{58E3EBE2-A599-4A0B-9F6F-FAD7C4AEAE55}.Release|Any CPU.ActiveCfg = Release|Any CPU
		{58E3EBE2-A599-4A0B-9F6F-FAD7C4AEAE55}.Release|Any CPU.Build.0 = Release|Any CPU
		{2349ADEB-07BA-4515-B83F-FE7897AA677A}.Debug|Any CPU.ActiveCfg = Debug|Any CPU
		{2349ADEB-07BA-4515-B83F-FE7897AA677A}.Debug|Any CPU.Build.0 = Debug|Any CPU
		{2349ADEB-07BA-4515-B83F-FE7897AA677A}.Release|Any CPU.ActiveCfg = Release|Any CPU
		{2349ADEB-07BA-4515-B83F-FE7897AA677A}.Release|Any CPU.Build.0 = Release|Any CPU
		{951D2088-2C79-4734-80C5-9F4BA2775951}.Debug|Any CPU.ActiveCfg = Debug|Any CPU
		{951D2088-2C79-4734-80C5-9F4BA2775951}.Debug|Any CPU.Build.0 = Debug|Any CPU
		{951D2088-2C79-4734-80C5-9F4BA2775951}.Release|Any CPU.ActiveCfg = Release|Any CPU
		{951D2088-2C79-4734-80C5-9F4BA2775951}.Release|Any CPU.Build.0 = Release|Any CPU
		{E44129D8-DE4B-4836-9DF5-293ECAF53E0B}.Debug|Any CPU.ActiveCfg = Debug|Any CPU
		{E44129D8-DE4B-4836-9DF5-293ECAF53E0B}.Debug|Any CPU.Build.0 = Debug|Any CPU
		{E44129D8-DE4B-4836-9DF5-293ECAF53E0B}.Release|Any CPU.ActiveCfg = Release|Any CPU
		{E44129D8-DE4B-4836-9DF5-293ECAF53E0B}.Release|Any CPU.Build.0 = Release|Any CPU
	EndGlobalSection
	GlobalSection(SolutionProperties) = preSolution
		HideSolutionNode = FALSE
	EndGlobalSection
	GlobalSection(ExtensibilityGlobals) = postSolution
		SolutionGuid = {0A3A38BA-4D8C-4B79-9C4B-712EF5B87C56}
	EndGlobalSection
EndGlobal
